
Microsoft Visual Studio Solution File, Format Version 12.00
# Visual Studio Version 17
VisualStudioVersion = 17.7.34018.315
MinimumVisualStudioVersion = 10.0.40219.1
Project("{FAE04EC0-301F-11D3-BF4B-00C04F79EFBC}") = "Shop_Pet", "Shop_Pet\Shop_Pet.csproj", "{5FE92AAA-3E5A-42BC-B513-818DD6918034}"
EndProject
Global
	GlobalSection(SolutionConfigurationPlatforms) = preSolution
		Debug|Any CPU = Debug|Any CPU
		Release|Any CPU = Release|Any CPU
	EndGlobalSection
	GlobalSection(ProjectConfigurationPlatforms) = postSolution
		{5FE92AAA-3E5A-42BC-B513-818DD6918034}.Debug|Any CPU.ActiveCfg = Debug|Any CPU
		{5FE92AAA-3E5A-42BC-B513-818DD6918034}.Debug|Any CPU.Build.0 = Debug|Any CPU
		{5FE92AAA-3E5A-42BC-B513-818DD6918034}.Release|Any CPU.ActiveCfg = Release|Any CPU
		{5FE92AAA-3E5A-42BC-B513-818DD6918034}.Release|Any CPU.Build.0 = Release|Any CPU
	EndGlobalSection
	GlobalSection(SolutionProperties) = preSolution
		HideSolutionNode = FALSE
	EndGlobalSection
	GlobalSection(ExtensibilityGlobals) = postSolution
		SolutionGuid = {91D6E2C0-32C7-427A-AE3A-CE71DD1B2FCE}
	EndGlobalSection
EndGlobal
